
Microsoft Visual Studio Solution File, Format Version 12.00
# Visual Studio 15
VisualStudioVersion = 15.0.26403.7
MinimumVisualStudioVersion = 10.0.40219.1
Project("{FAE04EC0-301F-11D3-BF4B-00C04F79EFBC}") = "App3", "App3\App3.csproj", "{FCB028FE-D8BD-488A-BAD7-726DE6E2E3EF}"
EndProject
Project("{FAE04EC0-301F-11D3-BF4B-00C04F79EFBC}") = "App1", "App1\App1.csproj", "{920AB3D9-BB8F-4D0D-BD3F-49B416F9B0E8}"
EndProject
Global
	GlobalSection(SolutionConfigurationPlatforms) = preSolution
		Debug|ARM = Debug|ARM
		Debug|x64 = Debug|x64
		Debug|x86 = Debug|x86
		Release|ARM = Release|ARM
		Release|x64 = Release|x64
		Release|x86 = Release|x86
	EndGlobalSection
	GlobalSection(ProjectConfigurationPlatforms) = postSolution
		{FCB028FE-D8BD-488A-BAD7-726DE6E2E3EF}.Debug|ARM.ActiveCfg = Debug|ARM
		{FCB028FE-D8BD-488A-BAD7-726DE6E2E3EF}.Debug|ARM.Build.0 = Debug|ARM
		{FCB028FE-D8BD-488A-BAD7-726DE6E2E3EF}.Debug|ARM.Deploy.0 = Debug|ARM
		{FCB028FE-D8BD-488A-BAD7-726DE6E2E3EF}.Debug|x64.ActiveCfg = Debug|x64
		{FCB028FE-D8BD-488A-BAD7-726DE6E2E3EF}.Debug|x64.Build.0 = Debug|x64
		{FCB028FE-D8BD-488A-BAD7-726DE6E2E3EF}.Debug|x64.Deploy.0 = Debug|x64
		{FCB028FE-D8BD-488A-BAD7-726DE6E2E3EF}.Debug|x86.ActiveCfg = Debug|x86
		{FCB028FE-D8BD-488A-BAD7-726DE6E2E3EF}.Debug|x86.Build.0 = Debug|x86
		{FCB028FE-D8BD-488A-BAD7-726DE6E2E3EF}.Debug|x86.Deploy.0 = Debug|x86
		{FCB028FE-D8BD-488A-BAD7-726DE6E2E3EF}.Release|ARM.ActiveCfg = Release|ARM
		{FCB028FE-D8BD-488A-BAD7-726DE6E2E3EF}.Release|ARM.Build.0 = Release|ARM
		{FCB028FE-D8BD-488A-BAD7-726DE6E2E3EF}.Release|ARM.Deploy.0 = Release|ARM
		{FCB028FE-D8BD-488A-BAD7-726DE6E2E3EF}.Release|x64.ActiveCfg = Release|x64
		{FCB028FE-D8BD-488A-BAD7-726DE6E2E3EF}.Release|x64.Build.0 = Release|x64
		{FCB028FE-D8BD-488A-BAD7-726DE6E2E3EF}.Release|x64.Deploy.0 = Release|x64
		{FCB028FE-D8BD-488A-BAD7-726DE6E2E3EF}.Release|x86.ActiveCfg = Release|x86
		{FCB028FE-D8BD-488A-BAD7-726DE6E2E3EF}.Release|x86.Build.0 = Release|x86
		{FCB028FE-D8BD-488A-BAD7-726DE6E2E3EF}.Release|x86.Deploy.0 = Release|x86
		{920AB3D9-BB8F-4D0D-BD3F-49B416F9B0E8}.Debug|ARM.ActiveCfg = Debug|ARM
		{920AB3D9-BB8F-4D0D-BD3F-49B416F9B0E8}.Debug|ARM.Build.0 = Debug|ARM
		{920AB3D9-BB8F-4D0D-BD3F-49B416F9B0E8}.Debug|ARM.Deploy.0 = Debug|ARM
		{920AB3D9-BB8F-4D0D-BD3F-49B416F9B0E8}.Debug|x64.ActiveCfg = Debug|x64
		{920AB3D9-BB8F-4D0D-BD3F-49B416F9B0E8}.Debug|x64.Build.0 = Debug|x64
		{920AB3D9-BB8F-4D0D-BD3F-49B416F9B0E8}.Debug|x64.Deploy.0 = Debug|x64
		{920AB3D9-BB8F-4D0D-BD3F-49B416F9B0E8}.Debug|x86.ActiveCfg = Debug|x86
		{920AB3D9-BB8F-4D0D-BD3F-49B416F9B0E8}.Debug|x86.Build.0 = Debug|x86
		{920AB3D9-BB8F-4D0D-BD3F-49B416F9B0E8}.Debug|x86.Deploy.0 = Debug|x86
		{920AB3D9-BB8F-4D0D-BD3F-49B416F9B0E8}.Release|ARM.ActiveCfg = Release|ARM
		{920AB3D9-BB8F-4D0D-BD3F-49B416F9B0E8}.Release|ARM.Build.0 = Release|ARM
		{920AB3D9-BB8F-4D0D-BD3F-49B416F9B0E8}.Release|ARM.Deploy.0 = Release|ARM
		{920AB3D9-BB8F-4D0D-BD3F-49B416F9B0E8}.Release|x64.ActiveCfg = Release|x64
		{920AB3D9-BB8F-4D0D-BD3F-49B416F9B0E8}.Release|x64.Build.0 = Release|x64
		{920AB3D9-BB8F-4D0D-BD3F-49B416F9B0E8}.Release|x64.Deploy.0 = Release|x64
		{920AB3D9-BB8F-4D0D-BD3F-49B416F9B0E8}.Release|x86.ActiveCfg = Release|x86
		{920AB3D9-BB8F-4D0D-BD3F-49B416F9B0E8}.Release|x86.Build.0 = Release|x86
		{920AB3D9-BB8F-4D0D-BD3F-49B416F9B0E8}.Release|x86.Deploy.0 = Release|x86
	EndGlobalSection
	GlobalSection(SolutionProperties) = preSolution
		HideSolutionNode = FALSE
	EndGlobalSection
EndGlobal
